
Microsoft Visual Studio Solution File, Format Version 12.00
# Visual Studio 15
VisualStudioVersion = 15.0.28307.136
MinimumVisualStudioVersion = 10.0.40219.1
Project("{9A19103F-16F7-4668-BE54-9A1E7A4F7556}") = "ETP.WebApp", "ETP\ETP.WebApp.csproj", "{671B3406-732A-40DB-8E70-DA9B04FF27F2}"
EndProject
Project("{9A19103F-16F7-4668-BE54-9A1E7A4F7556}") = "ETP.AzureFunctions", "ETP.AzureFunctions\ETP.AzureFunctions.csproj", "{263BF05A-FE80-4044-95D8-519959E53A1E}"
EndProject
Project("{151D2E53-A2C4-4D7D-83FE-D05416EBD58E}") = "ETP.BookingLogicApp", "ETP.BookingLogicApp\ETP.BookingLogicApp.deployproj", "{8441102F-BA32-457E-A9AA-990770B583E1}"
EndProject
Project("{151D2E53-A2C4-4D7D-83FE-D05416EBD58E}") = "ETP.BookingLogicAppReceive", "ETP.BookingLogicAppReceive\ETP.BookingLogicAppReceive.deployproj", "{07EBEEC7-DEF0-4DCA-A44C-7CA650E6A2CA}"
EndProject
Global
	GlobalSection(SolutionConfigurationPlatforms) = preSolution
		Debug|Any CPU = Debug|Any CPU
		Release|Any CPU = Release|Any CPU
	EndGlobalSection
	GlobalSection(ProjectConfigurationPlatforms) = postSolution
		{671B3406-732A-40DB-8E70-DA9B04FF27F2}.Debug|Any CPU.ActiveCfg = Debug|Any CPU
		{671B3406-732A-40DB-8E70-DA9B04FF27F2}.Debug|Any CPU.Build.0 = Debug|Any CPU
		{671B3406-732A-40DB-8E70-DA9B04FF27F2}.Release|Any CPU.ActiveCfg = Release|Any CPU
		{671B3406-732A-40DB-8E70-DA9B04FF27F2}.Release|Any CPU.Build.0 = Release|Any CPU
		{263BF05A-FE80-4044-95D8-519959E53A1E}.Debug|Any CPU.ActiveCfg = Debug|Any CPU
		{263BF05A-FE80-4044-95D8-519959E53A1E}.Debug|Any CPU.Build.0 = Debug|Any CPU
		{263BF05A-FE80-4044-95D8-519959E53A1E}.Release|Any CPU.ActiveCfg = Release|Any CPU
		{263BF05A-FE80-4044-95D8-519959E53A1E}.Release|Any CPU.Build.0 = Release|Any CPU
		{8441102F-BA32-457E-A9AA-990770B583E1}.Debug|Any CPU.ActiveCfg = Debug|Any CPU
		{8441102F-BA32-457E-A9AA-990770B583E1}.Debug|Any CPU.Build.0 = Debug|Any CPU
		{8441102F-BA32-457E-A9AA-990770B583E1}.Release|Any CPU.ActiveCfg = Release|Any CPU
		{8441102F-BA32-457E-A9AA-990770B583E1}.Release|Any CPU.Build.0 = Release|Any CPU
		{07EBEEC7-DEF0-4DCA-A44C-7CA650E6A2CA}.Debug|Any CPU.ActiveCfg = Debug|Any CPU
		{07EBEEC7-DEF0-4DCA-A44C-7CA650E6A2CA}.Debug|Any CPU.Build.0 = Debug|Any CPU
		{07EBEEC7-DEF0-4DCA-A44C-7CA650E6A2CA}.Release|Any CPU.ActiveCfg = Release|Any CPU
		{07EBEEC7-DEF0-4DCA-A44C-7CA650E6A2CA}.Release|Any CPU.Build.0 = Release|Any CPU
	EndGlobalSection
	GlobalSection(SolutionProperties) = preSolution
		HideSolutionNode = FALSE
	EndGlobalSection
	GlobalSection(ExtensibilityGlobals) = postSolution
		SolutionGuid = {A9597DC9-76EB-4F44-AF94-0BCEAC17A581}
	EndGlobalSection
EndGlobal
